
Microsoft Visual Studio Solution File, Format Version 12.00
# Visual Studio 2013
VisualStudioVersion = 12.0.21005.1
MinimumVisualStudioVersion = 10.0.40219.1
Project("{FAE04EC0-301F-11D3-BF4B-00C04F79EFBC}") = "VocabBuilder.Web", "VocabBuilder.Web\VocabBuilder.Web.csproj", "{E240D327-935D-436A-8E95-58650CF967B3}"
EndProject
Project("{FAE04EC0-301F-11D3-BF4B-00C04F79EFBC}") = "VocabBuilder.Web.Tests", "VocabBuilder.Web.Tests\VocabBuilder.Web.Tests.csproj", "{1E980BFD-D626-459B-BA80-6CBFFD338B9B}"
EndProject
Project("{FAE04EC0-301F-11D3-BF4B-00C04F79EFBC}") = "VocabBuilder.Model", "VocabBuilder.Model\VocabBuilder.Model.csproj", "{ED1190E0-7487-412E-B61C-AED649ED7281}"
EndProject
Project("{FAE04EC0-301F-11D3-BF4B-00C04F79EFBC}") = "VocabBuilder.DataModel.Sql", "VocabBuilder.DataModel.Sql\VocabBuilder.DataModel.Sql.csproj", "{0902E22B-C5AF-4211-8E40-DE22CFCFC4B7}"
EndProject
Global
	GlobalSection(SolutionConfigurationPlatforms) = preSolution
		Debug|Any CPU = Debug|Any CPU
		Release|Any CPU = Release|Any CPU
	EndGlobalSection
	GlobalSection(ProjectConfigurationPlatforms) = postSolution
		{E240D327-935D-436A-8E95-58650CF967B3}.Debug|Any CPU.ActiveCfg = Debug|Any CPU
		{E240D327-935D-436A-8E95-58650CF967B3}.Debug|Any CPU.Build.0 = Debug|Any CPU
		{E240D327-935D-436A-8E95-58650CF967B3}.Release|Any CPU.ActiveCfg = Release|Any CPU
		{E240D327-935D-436A-8E95-58650CF967B3}.Release|Any CPU.Build.0 = Release|Any CPU
		{1E980BFD-D626-459B-BA80-6CBFFD338B9B}.Debug|Any CPU.ActiveCfg = Debug|Any CPU
		{1E980BFD-D626-459B-BA80-6CBFFD338B9B}.Debug|Any CPU.Build.0 = Debug|Any CPU
		{1E980BFD-D626-459B-BA80-6CBFFD338B9B}.Release|Any CPU.ActiveCfg = Release|Any CPU
		{1E980BFD-D626-459B-BA80-6CBFFD338B9B}.Release|Any CPU.Build.0 = Release|Any CPU
		{ED1190E0-7487-412E-B61C-AED649ED7281}.Debug|Any CPU.ActiveCfg = Debug|Any CPU
		{ED1190E0-7487-412E-B61C-AED649ED7281}.Debug|Any CPU.Build.0 = Debug|Any CPU
		{ED1190E0-7487-412E-B61C-AED649ED7281}.Release|Any CPU.ActiveCfg = Release|Any CPU
		{ED1190E0-7487-412E-B61C-AED649ED7281}.Release|Any CPU.Build.0 = Release|Any CPU
		{0902E22B-C5AF-4211-8E40-DE22CFCFC4B7}.Debug|Any CPU.ActiveCfg = Debug|Any CPU
		{0902E22B-C5AF-4211-8E40-DE22CFCFC4B7}.Debug|Any CPU.Build.0 = Debug|Any CPU
		{0902E22B-C5AF-4211-8E40-DE22CFCFC4B7}.Release|Any CPU.ActiveCfg = Release|Any CPU
		{0902E22B-C5AF-4211-8E40-DE22CFCFC4B7}.Release|Any CPU.Build.0 = Release|Any CPU
	EndGlobalSection
	GlobalSection(SolutionProperties) = preSolution
		HideSolutionNode = FALSE
	EndGlobalSection
EndGlobal
